// !$*UTF8*$!
{
	archiveVersion = 1;
	classes = {
	};
	objectVersion = 56;
	objects = {

/* Begin PBXBuildFile section */
		90B8EEFF2B484B7C0027944B /* NbaTrackerApp.swift in Sources */ = {isa = PBXBuildFile; fileRef = 90B8EEFE2B484B7C0027944B /* NbaTrackerApp.swift */; };
		90B8EF012B484B7C0027944B /* TeamDetail.swift in Sources */ = {isa = PBXBuildFile; fileRef = 90B8EF002B484B7C0027944B /* TeamDetail.swift */; };
		90B8EF032B484B7D0027944B /* Assets.xcassets in Resources */ = {isa = PBXBuildFile; fileRef = 90B8EF022B484B7D0027944B /* Assets.xcassets */; };
		90B8EF062B484B7D0027944B /* Preview Assets.xcassets in Resources */ = {isa = PBXBuildFile; fileRef = 90B8EF052B484B7D0027944B /* Preview Assets.xcassets */; };
		90B8EF102B484B7D0027944B /* NbaTrackerTests.swift in Sources */ = {isa = PBXBuildFile; fileRef = 90B8EF0F2B484B7D0027944B /* NbaTrackerTests.swift */; };
		90B8EF1A2B484B7D0027944B /* NbaTrackerUITests.swift in Sources */ = {isa = PBXBuildFile; fileRef = 90B8EF192B484B7D0027944B /* NbaTrackerUITests.swift */; };
		90B8EF1C2B484B7D0027944B /* NbaTrackerUITestsLaunchTests.swift in Sources */ = {isa = PBXBuildFile; fileRef = 90B8EF1B2B484B7D0027944B /* NbaTrackerUITestsLaunchTests.swift */; };
		90B8EF2B2B484C130027944B /* ModelData.swift in Sources */ = {isa = PBXBuildFile; fileRef = 90B8EF2A2B484C130027944B /* ModelData.swift */; };
		90B8EF2D2B48515B0027944B /* ContentView.swift in Sources */ = {isa = PBXBuildFile; fileRef = 90B8EF2C2B48515B0027944B /* ContentView.swift */; };
		90B8EF2F2B48A5CB0027944B /* Team.swift in Sources */ = {isa = PBXBuildFile; fileRef = 90B8EF2E2B48A5CB0027944B /* Team.swift */; };
		90B8EF322B48A6BA0027944B /* Error.swift in Sources */ = {isa = PBXBuildFile; fileRef = 90B8EF312B48A6BA0027944B /* Error.swift */; };
/* End PBXBuildFile section */

/* Begin PBXContainerItemProxy section */
		90B8EF0C2B484B7D0027944B /* PBXContainerItemProxy */ = {
			isa = PBXContainerItemProxy;
			containerPortal = 90B8EEF32B484B7C0027944B /* Project object */;
			proxyType = 1;
			remoteGlobalIDString = 90B8EEFA2B484B7C0027944B;
			remoteInfo = NbaTracker;
		};
		90B8EF162B484B7D0027944B /* PBXContainerItemProxy */ = {
			isa = PBXContainerItemProxy;
			containerPortal = 90B8EEF32B484B7C0027944B /* Project object */;
			proxyType = 1;
			remoteGlobalIDString = 90B8EEFA2B484B7C0027944B;
			remoteInfo = NbaTracker;
		};
/* End PBXContainerItemProxy section */

/* Begin PBXFileReference section */
		90B8EEFB2B484B7C0027944B /* NbaTracker.app */ = {isa = PBXFileReference; explicitFileType = wrapper.application; includeInIndex = 0; path = NbaTracker.app; sourceTree = BUILT_PRODUCTS_DIR; };
		90B8EEFE2B484B7C0027944B /* NbaTrackerApp.swift */ = {isa = PBXFileReference; lastKnownFileType = sourcecode.swift; path = NbaTrackerApp.swift; sourceTree = "<group>"; };
		90B8EF002B484B7C0027944B /* TeamDetail.swift */ = {isa = PBXFileReference; lastKnownFileType = sourcecode.swift; path = TeamDetail.swift; sourceTree = "<group>"; };
		90B8EF022B484B7D0027944B /* Assets.xcassets */ = {isa = PBXFileReference; lastKnownFileType = folder.assetcatalog; path = Assets.xcassets; sourceTree = "<group>"; };
		90B8EF052B484B7D0027944B /* Preview Assets.xcassets */ = {isa = PBXFileReference; lastKnownFileType = folder.assetcatalog; path = "Preview Assets.xcassets"; sourceTree = "<group>"; };
		90B8EF0B2B484B7D0027944B /* NbaTrackerTests.xctest */ = {isa = PBXFileReference; explicitFileType = wrapper.cfbundle; includeInIndex = 0; path = NbaTrackerTests.xctest; sourceTree = BUILT_PRODUCTS_DIR; };
		90B8EF0F2B484B7D0027944B /* NbaTrackerTests.swift */ = {isa = PBXFileReference; lastKnownFileType = sourcecode.swift; path = NbaTrackerTests.swift; sourceTree = "<group>"; };
		90B8EF152B484B7D0027944B /* NbaTrackerUITests.xctest */ = {isa = PBXFileReference; explicitFileType = wrapper.cfbundle; includeInIndex = 0; path = NbaTrackerUITests.xctest; sourceTree = BUILT_PRODUCTS_DIR; };
		90B8EF192B484B7D0027944B /* NbaTrackerUITests.swift */ = {isa = PBXFileReference; lastKnownFileType = sourcecode.swift; path = NbaTrackerUITests.swift; sourceTree = "<group>"; };
		90B8EF1B2B484B7D0027944B /* NbaTrackerUITestsLaunchTests.swift */ = {isa = PBXFileReference; lastKnownFileType = sourcecode.swift; path = NbaTrackerUITestsLaunchTests.swift; sourceTree = "<group>"; };
		90B8EF2A2B484C130027944B /* ModelData.swift */ = {isa = PBXFileReference; lastKnownFileType = sourcecode.swift; path = ModelData.swift; sourceTree = "<group>"; };
		90B8EF2C2B48515B0027944B /* ContentView.swift */ = {isa = PBXFileReference; lastKnownFileType = sourcecode.swift; path = ContentView.swift; sourceTree = "<group>"; };
		90B8EF2E2B48A5CB0027944B /* Team.swift */ = {isa = PBXFileReference; lastKnownFileType = sourcecode.swift; path = Team.swift; sourceTree = "<group>"; };
		90B8EF312B48A6BA0027944B /* Error.swift */ = {isa = PBXFileReference; lastKnownFileType = sourcecode.swift; path = Error.swift; sourceTree = "<group>"; };
/* End PBXFileReference section */

/* Begin PBXFrameworksBuildPhase section */
		90B8EEF82B484B7C0027944B /* Frameworks */ = {
			isa = PBXFrameworksBuildPhase;
			buildActionMask = 2147483647;
			files = (
			);
			runOnlyForDeploymentPostprocessing = 0;
		};
		90B8EF082B484B7D0027944B /* Frameworks */ = {
			isa = PBXFrameworksBuildPhase;
			buildActionMask = 2147483647;
			files = (
			);
			runOnlyForDeploymentPostprocessing = 0;
		};
		90B8EF122B484B7D0027944B /* Frameworks */ = {
			isa = PBXFrameworksBuildPhase;
			buildActionMask = 2147483647;
			files = (
			);
			runOnlyForDeploymentPostprocessing = 0;
		};
/* End PBXFrameworksBuildPhase section */

/* Begin PBXGroup section */
		90B8EEF22B484B7C0027944B = {
			isa = PBXGroup;
			children = (
				90B8EEFD2B484B7C0027944B /* NbaTracker */,
				90B8EF0E2B484B7D0027944B /* NbaTrackerTests */,
				90B8EF182B484B7D0027944B /* NbaTrackerUITests */,
				90B8EEFC2B484B7C0027944B /* Products */,
			);
			sourceTree = "<group>";
		};
		90B8EEFC2B484B7C0027944B /* Products */ = {
			isa = PBXGroup;
			children = (
				90B8EEFB2B484B7C0027944B /* NbaTracker.app */,
				90B8EF0B2B484B7D0027944B /* NbaTrackerTests.xctest */,
				90B8EF152B484B7D0027944B /* NbaTrackerUITests.xctest */,
			);
			name = Products;
			sourceTree = "<group>";
		};
		90B8EEFD2B484B7C0027944B /* NbaTracker */ = {
			isa = PBXGroup;
			children = (
				90B8EF302B48A6AE0027944B /* Errors */,
				90B8EEFE2B484B7C0027944B /* NbaTrackerApp.swift */,
				90B8EF292B484B930027944B /* Views */,
				90B8EF282B484B890027944B /* Model */,
				90B8EF022B484B7D0027944B /* Assets.xcassets */,
				90B8EF042B484B7D0027944B /* Preview Content */,
			);
			path = NbaTracker;
			sourceTree = "<group>";
		};
		90B8EF042B484B7D0027944B /* Preview Content */ = {
			isa = PBXGroup;
			children = (
				90B8EF052B484B7D0027944B /* Preview Assets.xcassets */,
			);
			path = "Preview Content";
			sourceTree = "<group>";
		};
		90B8EF0E2B484B7D0027944B /* NbaTrackerTests */ = {
			isa = PBXGroup;
			children = (
				90B8EF0F2B484B7D0027944B /* NbaTrackerTests.swift */,
			);
			path = NbaTrackerTests;
			sourceTree = "<group>";
		};
		90B8EF182B484B7D0027944B /* NbaTrackerUITests */ = {
			isa = PBXGroup;
			children = (
				90B8EF192B484B7D0027944B /* NbaTrackerUITests.swift */,
				90B8EF1B2B484B7D0027944B /* NbaTrackerUITestsLaunchTests.swift */,
			);
			path = NbaTrackerUITests;
			sourceTree = "<group>";
		};
		90B8EF282B484B890027944B /* Model */ = {
			isa = PBXGroup;
			children = (
				90B8EF2A2B484C130027944B /* ModelData.swift */,
				90B8EF2E2B48A5CB0027944B /* Team.swift */,
			);
			path = Model;
			sourceTree = "<group>";
		};
		90B8EF292B484B930027944B /* Views */ = {
			isa = PBXGroup;
			children = (
				90B8EF002B484B7C0027944B /* TeamDetail.swift */,
				90B8EF2C2B48515B0027944B /* ContentView.swift */,
			);
			path = Views;
			sourceTree = "<group>";
		};
		90B8EF302B48A6AE0027944B /* Errors */ = {
			isa = PBXGroup;
			children = (
				90B8EF312B48A6BA0027944B /* Error.swift */,
			);
			path = Errors;
			sourceTree = "<group>";
		};
/* End PBXGroup section */

/* Begin PBXNativeTarget section */
		90B8EEFA2B484B7C0027944B /* NbaTracker */ = {
			isa = PBXNativeTarget;
			buildConfigurationList = 90B8EF1F2B484B7D0027944B /* Build configuration list for PBXNativeTarget "NbaTracker" */;
			buildPhases = (
				90B8EEF72B484B7C0027944B /* Sources */,
				90B8EEF82B484B7C0027944B /* Frameworks */,
				90B8EEF92B484B7C0027944B /* Resources */,
			);
			buildRules = (
			);
			dependencies = (
			);
			name = NbaTracker;
			productName = NbaTracker;
			productReference = 90B8EEFB2B484B7C0027944B /* NbaTracker.app */;
			productType = "com.apple.product-type.application";
		};
		90B8EF0A2B484B7D0027944B /* NbaTrackerTests */ = {
			isa = PBXNativeTarget;
			buildConfigurationList = 90B8EF222B484B7D0027944B /* Build configuration list for PBXNativeTarget "NbaTrackerTests" */;
			buildPhases = (
				90B8EF072B484B7D0027944B /* Sources */,
				90B8EF082B484B7D0027944B /* Frameworks */,
				90B8EF092B484B7D0027944B /* Resources */,
			);
			buildRules = (
			);
			dependencies = (
				90B8EF0D2B484B7D0027944B /* PBXTargetDependency */,
			);
			name = NbaTrackerTests;
			productName = NbaTrackerTests;
			productReference = 90B8EF0B2B484B7D0027944B /* NbaTrackerTests.xctest */;
			productType = "com.apple.product-type.bundle.unit-test";
		};
		90B8EF142B484B7D0027944B /* NbaTrackerUITests */ = {
			isa = PBXNativeTarget;
			buildConfigurationList = 90B8EF252B484B7D0027944B /* Build configuration list for PBXNativeTarget "NbaTrackerUITests" */;
			buildPhases = (
				90B8EF112B484B7D0027944B /* Sources */,
				90B8EF122B484B7D0027944B /* Frameworks */,
				90B8EF132B484B7D0027944B /* Resources */,
			);
			buildRules = (
			);
			dependencies = (
				90B8EF172B484B7D0027944B /* PBXTargetDependency */,
			);
			name = NbaTrackerUITests;
			productName = NbaTrackerUITests;
			productReference = 90B8EF152B484B7D0027944B /* NbaTrackerUITests.xctest */;
			productType = "com.apple.product-type.bundle.ui-testing";
		};
/* End PBXNativeTarget section */

/* Begin PBXProject section */
		90B8EEF32B484B7C0027944B /* Project object */ = {
			isa = PBXProject;
			attributes = {
				BuildIndependentTargetsInParallel = 1;
				LastSwiftUpdateCheck = 1500;
				LastUpgradeCheck = 1500;
				TargetAttributes = {
					90B8EEFA2B484B7C0027944B = {
						CreatedOnToolsVersion = 15.0;
					};
					90B8EF0A2B484B7D0027944B = {
						CreatedOnToolsVersion = 15.0;
						TestTargetID = 90B8EEFA2B484B7C0027944B;
					};
					90B8EF142B484B7D0027944B = {
						CreatedOnToolsVersion = 15.0;
						TestTargetID = 90B8EEFA2B484B7C0027944B;
					};
				};
			};
			buildConfigurationList = 90B8EEF62B484B7C0027944B /* Build configuration list for PBXProject "NbaTracker" */;
			compatibilityVersion = "Xcode 14.0";
			developmentRegion = en;
			hasScannedForEncodings = 0;
			knownRegions = (
				en,
				Base,
			);
			mainGroup = 90B8EEF22B484B7C0027944B;
			productRefGroup = 90B8EEFC2B484B7C0027944B /* Products */;
			projectDirPath = "";
			projectRoot = "";
			targets = (
				90B8EEFA2B484B7C0027944B /* NbaTracker */,
				90B8EF0A2B484B7D0027944B /* NbaTrackerTests */,
				90B8EF142B484B7D0027944B /* NbaTrackerUITests */,
			);
		};
/* End PBXProject section */

/* Begin PBXResourcesBuildPhase section */
		90B8EEF92B484B7C0027944B /* Resources */ = {
			isa = PBXResourcesBuildPhase;
			buildActionMask = 2147483647;
			files = (
				90B8EF062B484B7D0027944B /* Preview Assets.xcassets in Resources */,
				90B8EF032B484B7D0027944B /* Assets.xcassets in Resources */,
			);
			runOnlyForDeploymentPostprocessing = 0;
		};
		90B8EF092B484B7D0027944B /* Resources */ = {
			isa = PBXResourcesBuildPhase;
			buildActionMask = 2147483647;
			files = (
			);
			runOnlyForDeploymentPostprocessing = 0;
		};
		90B8EF132B484B7D0027944B /* Resources */ = {
			isa = PBXResourcesBuildPhase;
			buildActionMask = 2147483647;
			files = (
			);
			runOnlyForDeploymentPostprocessing = 0;
		};
/* End PBXResourcesBuildPhase section */

/* Begin PBXSourcesBuildPhase section */
		90B8EEF72B484B7C0027944B /* Sources */ = {
			isa = PBXSourcesBuildPhase;
			buildActionMask = 2147483647;
			files = (
				90B8EF012B484B7C0027944B /* TeamDetail.swift in Sources */,
				90B8EEFF2B484B7C0027944B /* NbaTrackerApp.swift in Sources */,
				90B8EF2D2B48515B0027944B /* ContentView.swift in Sources */,
				90B8EF2F2B48A5CB0027944B /* Team.swift in Sources */,
				90B8EF322B48A6BA0027944B /* Error.swift in Sources */,
				90B8EF2B2B484C130027944B /* ModelData.swift in Sources */,
			);
			runOnlyForDeploymentPostprocessing = 0;
		};
		90B8EF072B484B7D0027944B /* Sources */ = {
			isa = PBXSourcesBuildPhase;
			buildActionMask = 2147483647;
			files = (
				90B8EF102B484B7D0027944B /* NbaTrackerTests.swift in Sources */,
			);
			runOnlyForDeploymentPostprocessing = 0;
		};
		90B8EF112B484B7D0027944B /* Sources */ = {
			isa = PBXSourcesBuildPhase;
			buildActionMask = 2147483647;
			files = (
				90B8EF1A2B484B7D0027944B /* NbaTrackerUITests.swift in Sources */,
				90B8EF1C2B484B7D0027944B /* NbaTrackerUITestsLaunchTests.swift in Sources */,
			);
			runOnlyForDeploymentPostprocessing = 0;
		};
/* End PBXSourcesBuildPhase section */

/* Begin PBXTargetDependency section */
		90B8EF0D2B484B7D0027944B /* PBXTargetDependency */ = {
			isa = PBXTargetDependency;
			target = 90B8EEFA2B484B7C0027944B /* NbaTracker */;
			targetProxy = 90B8EF0C2B484B7D0027944B /* PBXContainerItemProxy */;
		};
		90B8EF172B484B7D0027944B /* PBXTargetDependency */ = {
			isa = PBXTargetDependency;
			target = 90B8EEFA2B484B7C0027944B /* NbaTracker */;
			targetProxy = 90B8EF162B484B7D0027944B /* PBXContainerItemProxy */;
		};
/* End PBXTargetDependency section */

/* Begin XCBuildConfiguration section */
		90B8EF1D2B484B7D0027944B /* Debug */ = {
			isa = XCBuildConfiguration;
			buildSettings = {
				ALWAYS_SEARCH_USER_PATHS = NO;
				ASSETCATALOG_COMPILER_GENERATE_SWIFT_ASSET_SYMBOL_EXTENSIONS = YES;
				CLANG_ANALYZER_NONNULL = YES;
				CLANG_ANALYZER_NUMBER_OBJECT_CONVERSION = YES_AGGRESSIVE;
				CLANG_CXX_LANGUAGE_STANDARD = "gnu++20";
				CLANG_ENABLE_MODULES = YES;
				CLANG_ENABLE_OBJC_ARC = YES;
				CLANG_ENABLE_OBJC_WEAK = YES;
				CLANG_WARN_BLOCK_CAPTURE_AUTORELEASING = YES;
				CLANG_WARN_BOOL_CONVERSION = YES;
				CLANG_WARN_COMMA = YES;
				CLANG_WARN_CONSTANT_CONVERSION = YES;
				CLANG_WARN_DEPRECATED_OBJC_IMPLEMENTATIONS = YES;
				CLANG_WARN_DIRECT_OBJC_ISA_USAGE = YES_ERROR;
				CLANG_WARN_DOCUMENTATION_COMMENTS = YES;
				CLANG_WARN_EMPTY_BODY = YES;
				CLANG_WARN_ENUM_CONVERSION = YES;
				CLANG_WARN_INFINITE_RECURSION = YES;
				CLANG_WARN_INT_CONVERSION = YES;
				CLANG_WARN_NON_LITERAL_NULL_CONVERSION = YES;
				CLANG_WARN_OBJC_IMPLICIT_RETAIN_SELF = YES;
				CLANG_WARN_OBJC_LITERAL_CONVERSION = YES;
				CLANG_WARN_OBJC_ROOT_CLASS = YES_ERROR;
				CLANG_WARN_QUOTED_INCLUDE_IN_FRAMEWORK_HEADER = YES;
				CLANG_WARN_RANGE_LOOP_ANALYSIS = YES;
				CLANG_WARN_STRICT_PROTOTYPES = YES;
				CLANG_WARN_SUSPICIOUS_MOVE = YES;
				CLANG_WARN_UNGUARDED_AVAILABILITY = YES_AGGRESSIVE;
				CLANG_WARN_UNREACHABLE_CODE = YES;
				CLANG_WARN__DUPLICATE_METHOD_MATCH = YES;
				COPY_PHASE_STRIP = NO;
				DEBUG_INFORMATION_FORMAT = dwarf;
				ENABLE_STRICT_OBJC_MSGSEND = YES;
				ENABLE_TESTABILITY = YES;
				ENABLE_USER_SCRIPT_SANDBOXING = YES;
				GCC_C_LANGUAGE_STANDARD = gnu17;
				GCC_DYNAMIC_NO_PIC = NO;
				GCC_NO_COMMON_BLOCKS = YES;
				GCC_OPTIMIZATION_LEVEL = 0;
				GCC_PREPROCESSOR_DEFINITIONS = (
					"DEBUG=1",
					"$(inherited)",
				);
				GCC_WARN_64_TO_32_BIT_CONVERSION = YES;
				GCC_WARN_ABOUT_RETURN_TYPE = YES_ERROR;
				GCC_WARN_UNDECLARED_SELECTOR = YES;
				GCC_WARN_UNINITIALIZED_AUTOS = YES_AGGRESSIVE;
				GCC_WARN_UNUSED_FUNCTION = YES;
				GCC_WARN_UNUSED_VARIABLE = YES;
				IPHONEOS_DEPLOYMENT_TARGET = 17.0;
				LOCALIZATION_PREFERS_STRING_CATALOGS = YES;
				MTL_ENABLE_DEBUG_INFO = INCLUDE_SOURCE;
				MTL_FAST_MATH = YES;
				ONLY_ACTIVE_ARCH = YES;
				SDKROOT = iphoneos;
				SWIFT_ACTIVE_COMPILATION_CONDITIONS = "DEBUG $(inherited)";
				SWIFT_OPTIMIZATION_LEVEL = "-Onone";
			};
			name = Debug;
		};
		90B8EF1E2B484B7D0027944B /* Release */ = {
			isa = XCBuildConfiguration;
			buildSettings = {
				ALWAYS_SEARCH_USER_PATHS = NO;
				ASSETCATALOG_COMPILER_GENERATE_SWIFT_ASSET_SYMBOL_EXTENSIONS = YES;
				CLANG_ANALYZER_NONNULL = YES;
				CLANG_ANALYZER_NUMBER_OBJECT_CONVERSION = YES_AGGRESSIVE;
				CLANG_CXX_LANGUAGE_STANDARD = "gnu++20";
				CLANG_ENABLE_MODULES = YES;
				CLANG_ENABLE_OBJC_ARC = YES;
				CLANG_ENABLE_OBJC_WEAK = YES;
				CLANG_WARN_BLOCK_CAPTURE_AUTORELEASING = YES;
				CLANG_WARN_BOOL_CONVERSION = YES;
				CLANG_WARN_COMMA = YES;
				CLANG_WARN_CONSTANT_CONVERSION = YES;
				CLANG_WARN_DEPRECATED_OBJC_IMPLEMENTATIONS = YES;
				CLANG_WARN_DIRECT_OBJC_ISA_USAGE = YES_ERROR;
				CLANG_WARN_DOCUMENTATION_COMMENTS = YES;
				CLANG_WARN_EMPTY_BODY = YES;
				CLANG_WARN_ENUM_CONVERSION = YES;
				CLANG_WARN_INFINITE_RECURSION = YES;
				CLANG_WARN_INT_CONVERSION = YES;
				CLANG_WARN_NON_LITERAL_NULL_CONVERSION = YES;
				CLANG_WARN_OBJC_IMPLICIT_RETAIN_SELF = YES;
				CLANG_WARN_OBJC_LITERAL_CONVERSION = YES;
				CLANG_WARN_OBJC_ROOT_CLASS = YES_ERROR;
				CLANG_WARN_QUOTED_INCLUDE_IN_FRAMEWORK_HEADER = YES;
				CLANG_WARN_RANGE_LOOP_ANALYSIS = YES;
				CLANG_WARN_STRICT_PROTOTYPES = YES;
				CLANG_WARN_SUSPICIOUS_MOVE = YES;
				CLANG_WARN_UNGUARDED_AVAILABILITY = YES_AGGRESSIVE;
				CLANG_WARN_UNREACHABLE_CODE = YES;
				CLANG_WARN__DUPLICATE_METHOD_MATCH = YES;
				COPY_PHASE_STRIP = NO;
				DEBUG_INFORMATION_FORMAT = "dwarf-with-dsym";
				ENABLE_NS_ASSERTIONS = NO;
				ENABLE_STRICT_OBJC_MSGSEND = YES;
				ENABLE_USER_SCRIPT_SANDBOXING = YES;
				GCC_C_LANGUAGE_STANDARD = gnu17;
				GCC_NO_COMMON_BLOCKS = YES;
				GCC_WARN_64_TO_32_BIT_CONVERSION = YES;
				GCC_WARN_ABOUT_RETURN_TYPE = YES_ERROR;
				GCC_WARN_UNDECLARED_SELECTOR = YES;
				GCC_WARN_UNINITIALIZED_AUTOS = YES_AGGRESSIVE;
				GCC_WARN_UNUSED_FUNCTION = YES;
				GCC_WARN_UNUSED_VARIABLE = YES;
				IPHONEOS_DEPLOYMENT_TARGET = 17.0;
				LOCALIZATION_PREFERS_STRING_CATALOGS = YES;
				MTL_ENABLE_DEBUG_INFO = NO;
				MTL_FAST_MATH = YES;
				SDKROOT = iphoneos;
				SWIFT_COMPILATION_MODE = wholemodule;
				VALIDATE_PRODUCT = YES;
			};
			name = Release;
		};
		90B8EF202B484B7D0027944B /* Debug */ = {
			isa = XCBuildConfiguration;
			buildSettings = {
				ASSETCATALOG_COMPILER_APPICON_NAME = AppIcon;
				ASSETCATALOG_COMPILER_GLOBAL_ACCENT_COLOR_NAME = AccentColor;
				CODE_SIGN_STYLE = Automatic;
				CURRENT_PROJECT_VERSION = 1;
				DEVELOPMENT_ASSET_PATHS = "\"NbaTracker/Preview Content\"";
				ENABLE_PREVIEWS = YES;
				GENERATE_INFOPLIST_FILE = YES;
				INFOPLIST_KEY_UIApplicationSceneManifest_Generation = YES;
				INFOPLIST_KEY_UIApplicationSupportsIndirectInputEvents = YES;
				INFOPLIST_KEY_UILaunchScreen_Generation = YES;
				INFOPLIST_KEY_UISupportedInterfaceOrientations_iPad = "UIInterfaceOrientationPortrait UIInterfaceOrientationPortraitUpsideDown UIInterfaceOrientationLandscapeLeft UIInterfaceOrientationLandscapeRight";
				INFOPLIST_KEY_UISupportedInterfaceOrientations_iPhone = "UIInterfaceOrientationPortrait UIInterfaceOrientationLandscapeLeft UIInterfaceOrientationLandscapeRight";
				LD_RUNPATH_SEARCH_PATHS = (
					"$(inherited)",
					"@executable_path/Frameworks",
				);
				MARKETING_VERSION = 1.0;
				PRODUCT_BUNDLE_IDENTIFIER = edu.NbaTracker;
				PRODUCT_NAME = "$(TARGET_NAME)";
				SWIFT_EMIT_LOC_STRINGS = YES;
				SWIFT_VERSION = 5.0;
				TARGETED_DEVICE_FAMILY = "1,2";
			};
			name = Debug;
		};
		90B8EF212B484B7D0027944B /* Release */ = {
			isa = XCBuildConfiguration;
			buildSettings = {
				ASSETCATALOG_COMPILER_APPICON_NAME = AppIcon;
				ASSETCATALOG_COMPILER_GLOBAL_ACCENT_COLOR_NAME = AccentColor;
				CODE_SIGN_STYLE = Automatic;
				CURRENT_PROJECT_VERSION = 1;
				DEVELOPMENT_ASSET_PATHS = "\"NbaTracker/Preview Content\"";
				ENABLE_PREVIEWS = YES;
				GENERATE_INFOPLIST_FILE = YES;
				INFOPLIST_KEY_UIApplicationSceneManifest_Generation = YES;
				INFOPLIST_KEY_UIApplicationSupportsIndirectInputEvents = YES;
				INFOPLIST_KEY_UILaunchScreen_Generation = YES;
				INFOPLIST_KEY_UISupportedInterfaceOrientations_iPad = "UIInterfaceOrientationPortrait UIInterfaceOrientationPortraitUpsideDown UIInterfaceOrientationLandscapeLeft UIInterfaceOrientationLandscapeRight";
				INFOPLIST_KEY_UISupportedInterfaceOrientations_iPhone = "UIInterfaceOrientationPortrait UIInterfaceOrientationLandscapeLeft UIInterfaceOrientationLandscapeRight";
				LD_RUNPATH_SEARCH_PATHS = (
					"$(inherited)",
					"@executable_path/Frameworks",
				);
				MARKETING_VERSION = 1.0;
				PRODUCT_BUNDLE_IDENTIFIER = edu.NbaTracker;
				PRODUCT_NAME = "$(TARGET_NAME)";
				SWIFT_EMIT_LOC_STRINGS = YES;
				SWIFT_VERSION = 5.0;
				TARGETED_DEVICE_FAMILY = "1,2";
			};
			name = Release;
		};
		90B8EF232B484B7D0027944B /* Debug */ = {
			isa = XCBuildConfiguration;
			buildSettings = {
				ALWAYS_EMBED_SWIFT_STANDARD_LIBRARIES = YES;
				BUNDLE_LOADER = "$(TEST_HOST)";
				CODE_SIGN_STYLE = Automatic;
				CURRENT_PROJECT_VERSION = 1;
				GENERATE_INFOPLIST_FILE = YES;
				IPHONEOS_DEPLOYMENT_TARGET = 17.0;
				MARKETING_VERSION = 1.0;
				PRODUCT_BUNDLE_IDENTIFIER = edu.NbaTrackerTests;
				PRODUCT_NAME = "$(TARGET_NAME)";
				SWIFT_EMIT_LOC_STRINGS = NO;
				SWIFT_VERSION = 5.0;
				TARGETED_DEVICE_FAMILY = "1,2";
				TEST_HOST = "$(BUILT_PRODUCTS_DIR)/NbaTracker.app/$(BUNDLE_EXECUTABLE_FOLDER_PATH)/NbaTracker";
			};
			name = Debug;
		};
		90B8EF242B484B7D0027944B /* Release */ = {
			isa = XCBuildConfiguration;
			buildSettings = {
				ALWAYS_EMBED_SWIFT_STANDARD_LIBRARIES = YES;
				BUNDLE_LOADER = "$(TEST_HOST)";
				CODE_SIGN_STYLE = Automatic;
				CURRENT_PROJECT_VERSION = 1;
				GENERATE_INFOPLIST_FILE = YES;
				IPHONEOS_DEPLOYMENT_TARGET = 17.0;
				MARKETING_VERSION = 1.0;
				PRODUCT_BUNDLE_IDENTIFIER = edu.NbaTrackerTests;
				PRODUCT_NAME = "$(TARGET_NAME)";
				SWIFT_EMIT_LOC_STRINGS = NO;
				SWIFT_VERSION = 5.0;
				TARGETED_DEVICE_FAMILY = "1,2";
				TEST_HOST = "$(BUILT_PRODUCTS_DIR)/NbaTracker.app/$(BUNDLE_EXECUTABLE_FOLDER_PATH)/NbaTracker";
			};
			name = Release;
		};
		90B8EF262B484B7D0027944B /* Debug */ = {
			isa = XCBuildConfiguration;
			buildSettings = {
				ALWAYS_EMBED_SWIFT_STANDARD_LIBRARIES = YES;
				CODE_SIGN_STYLE = Automatic;
				CURRENT_PROJECT_VERSION = 1;
				GENERATE_INFOPLIST_FILE = YES;
				MARKETING_VERSION = 1.0;
				PRODUCT_BUNDLE_IDENTIFIER = edu.NbaTrackerUITests;
				PRODUCT_NAME = "$(TARGET_NAME)";
				SWIFT_EMIT_LOC_STRINGS = NO;
				SWIFT_VERSION = 5.0;
				TARGETED_DEVICE_FAMILY = "1,2";
				TEST_TARGET_NAME = NbaTracker;
			};
			name = Debug;
		};
		90B8EF272B484B7D0027944B /* Release */ = {
			isa = XCBuildConfiguration;
			buildSettings = {
				ALWAYS_EMBED_SWIFT_STANDARD_LIBRARIES = YES;
				CODE_SIGN_STYLE = Automatic;
				CURRENT_PROJECT_VERSION = 1;
				GENERATE_INFOPLIST_FILE = YES;
				MARKETING_VERSION = 1.0;
				PRODUCT_BUNDLE_IDENTIFIER = edu.NbaTrackerUITests;
				PRODUCT_NAME = "$(TARGET_NAME)";
				SWIFT_EMIT_LOC_STRINGS = NO;
				SWIFT_VERSION = 5.0;
				TARGETED_DEVICE_FAMILY = "1,2";
				TEST_TARGET_NAME = NbaTracker;
			};
			name = Release;
		};
/* End XCBuildConfiguration section */

/* Begin XCConfigurationList section */
		90B8EEF62B484B7C0027944B /* Build configuration list for PBXProject "NbaTracker" */ = {
			isa = XCConfigurationList;
			buildConfigurations = (
				90B8EF1D2B484B7D0027944B /* Debug */,
				90B8EF1E2B484B7D0027944B /* Release */,
			);
			defaultConfigurationIsVisible = 0;
			defaultConfigurationName = Release;
		};
		90B8EF1F2B484B7D0027944B /* Build configuration list for PBXNativeTarget "NbaTracker" */ = {
			isa = XCConfigurationList;
			buildConfigurations = (
				90B8EF202B484B7D0027944B /* Debug */,
				90B8EF212B484B7D0027944B /* Release */,
			);
			defaultConfigurationIsVisible = 0;
			defaultConfigurationName = Release;
		};
		90B8EF222B484B7D0027944B /* Build configuration list for PBXNativeTarget "NbaTrackerTests" */ = {
			isa = XCConfigurationList;
			buildConfigurations = (
				90B8EF232B484B7D0027944B /* Debug */,
				90B8EF242B484B7D0027944B /* Release */,
			);
			defaultConfigurationIsVisible = 0;
			defaultConfigurationName = Release;
		};
		90B8EF252B484B7D0027944B /* Build configuration list for PBXNativeTarget "NbaTrackerUITests" */ = {
			isa = XCConfigurationList;
			buildConfigurations = (
				90B8EF262B484B7D0027944B /* Debug */,
				90B8EF272B484B7D0027944B /* Release */,
			);
			defaultConfigurationIsVisible = 0;
			defaultConfigurationName = Release;
		};
/* End XCConfigurationList section */
	};
	rootObject = 90B8EEF32B484B7C0027944B /* Project object */;
}
